
Microsoft Visual Studio Solution File, Format Version 12.00
# Visual Studio Version 17
VisualStudioVersion = 17.7.34018.315
MinimumVisualStudioVersion = 10.0.40219.1
Project("{9A19103F-16F7-4668-BE54-9A1E7A4F7556}") = "Game", "ProjetC#\Game.csproj", "{F58B576D-C6A6-4B2C-A8E3-E19E8A989314}"
EndProject
Global
	GlobalSection(SolutionConfigurationPlatforms) = preSolution
		Debug|Any CPU = Debug|Any CPU
		Release|Any CPU = Release|Any CPU
	EndGlobalSection
	GlobalSection(ProjectConfigurationPlatforms) = postSolution
		{F58B576D-C6A6-4B2C-A8E3-E19E8A989314}.Debug|Any CPU.ActiveCfg = Debug|Any CPU
		{F58B576D-C6A6-4B2C-A8E3-E19E8A989314}.Debug|Any CPU.Build.0 = Debug|Any CPU
		{F58B576D-C6A6-4B2C-A8E3-E19E8A989314}.Release|Any CPU.ActiveCfg = Release|Any CPU
		{F58B576D-C6A6-4B2C-A8E3-E19E8A989314}.Release|Any CPU.Build.0 = Release|Any CPU
	EndGlobalSection
	GlobalSection(SolutionProperties) = preSolution
		HideSolutionNode = FALSE
	EndGlobalSection
	GlobalSection(ExtensibilityGlobals) = postSolution
		SolutionGuid = {2A5481F0-E453-41C9-BFE2-7A313EAD462A}
	EndGlobalSection
EndGlobal
